
Microsoft Visual Studio Solution File, Format Version 10.00
# Visual Studio 2008
Project("{FAE04EC0-301F-11D3-BF4B-00C04F79EFBC}") = "VentasDeEntradas", "VentasDeEntradas\VentasDeEntradas.csproj", "{911536D3-FC3F-4B10-9D12-03122D736321}"
EndProject
Global
	GlobalSection(SolutionConfigurationPlatforms) = preSolution
		Debug|Any CPU = Debug|Any CPU
		Release|Any CPU = Release|Any CPU
	EndGlobalSection
	GlobalSection(ProjectConfigurationPlatforms) = postSolution
		{911536D3-FC3F-4B10-9D12-03122D736321}.Debug|Any CPU.ActiveCfg = Debug|Any CPU
		{911536D3-FC3F-4B10-9D12-03122D736321}.Debug|Any CPU.Build.0 = Debug|Any CPU
		{911536D3-FC3F-4B10-9D12-03122D736321}.Release|Any CPU.ActiveCfg = Release|Any CPU
		{911536D3-FC3F-4B10-9D12-03122D736321}.Release|Any CPU.Build.0 = Release|Any CPU
	EndGlobalSection
	GlobalSection(SolutionProperties) = preSolution
		HideSolutionNode = FALSE
	EndGlobalSection
EndGlobal
